
Microsoft Visual Studio Solution File, Format Version 12.00
# Visual Studio Version 17
VisualStudioVersion = 17.12.35707.178
MinimumVisualStudioVersion = 10.0.40219.1
Project("{2150E333-8FDC-42A3-9474-1A3956D46DE8}") = "API", "API", "{C98B6CC0-F752-455E-B7FF-2B2F87630A4C}"
EndProject
Project("{2150E333-8FDC-42A3-9474-1A3956D46DE8}") = "Application", "Application", "{9D867D3D-C6E6-4BEC-9443-57732A548147}"
EndProject
Project("{2150E333-8FDC-42A3-9474-1A3956D46DE8}") = "Domain", "Domain", "{F879FBC0-FB9E-47D7-8BA3-319BA0722301}"
EndProject
Project("{2150E333-8FDC-42A3-9474-1A3956D46DE8}") = "Data", "Data", "{C78EDB80-6EEC-486D-AFE5-53A22F29BBF2}"
EndProject
Project("{2150E333-8FDC-42A3-9474-1A3956D46DE8}") = "Test", "Test", "{CD409D36-B709-4DEB-80AB-C25F7DD38B1A}"
EndProject
Project("{FAE04EC0-301F-11D3-BF4B-00C04F79EFBC}") = "OrderService.API", "OrderService.API\OrderService.API.csproj", "{302A7BC4-C2F6-46DB-9DE6-B23D392724E2}"
EndProject
Project("{FAE04EC0-301F-11D3-BF4B-00C04F79EFBC}") = "ProductService.API", "ProductService.API\ProductService.API.csproj", "{6937A34E-5504-4152-9EE3-A13F98310C10}"
EndProject
Project("{FAE04EC0-301F-11D3-BF4B-00C04F79EFBC}") = "BuyerService.API", "BuyerService.API\BuyerService.API.csproj", "{834F4D6A-57FA-4E62-A62C-D6469B6068F9}"
EndProject
Project("{FAE04EC0-301F-11D3-BF4B-00C04F79EFBC}") = "OrderService.Application", "OrderService.Application\OrderService.Application.csproj", "{462AF28F-E68C-4B44-B232-A307666D1519}"
EndProject
Project("{FAE04EC0-301F-11D3-BF4B-00C04F79EFBC}") = "ProductService.Application", "ProductService.Application\ProductService.Application.csproj", "{F2B7D9D1-64E6-4AAA-987B-9031B70A4BF0}"
EndProject
Project("{FAE04EC0-301F-11D3-BF4B-00C04F79EFBC}") = "BuyerService.Application", "BuyerService.Application\BuyerService.Application.csproj", "{03E0AF9E-CD5D-4EB3-BBEE-3A2938038B10}"
EndProject
Project("{FAE04EC0-301F-11D3-BF4B-00C04F79EFBC}") = "OrderService.Domain", "OrderService.Domain\OrderService.Domain.csproj", "{04BC5372-C594-4EBA-A7E4-A98AE31AEE8C}"
EndProject
Project("{FAE04EC0-301F-11D3-BF4B-00C04F79EFBC}") = "ProductService.Domain", "ProductService.Domain\ProductService.Domain.csproj", "{D272C079-EB2B-460F-BAEE-2B45EBE9B3E8}"
EndProject
Project("{FAE04EC0-301F-11D3-BF4B-00C04F79EFBC}") = "BuyerService.Domain", "BuyerService.Domain\BuyerService.Domain.csproj", "{B9C81D81-3AD1-43AA-AC93-BE8DF9496479}"
EndProject
Project("{FAE04EC0-301F-11D3-BF4B-00C04F79EFBC}") = "OrderService.Data", "OrderService.Data\OrderService.Data.csproj", "{57B5BAC8-EAC3-4918-905D-01B795E4C6A6}"
EndProject
Project("{FAE04EC0-301F-11D3-BF4B-00C04F79EFBC}") = "ProductService.Data", "ProductService.Data\ProductService.Data.csproj", "{07672EFE-4D46-4E32-9F68-A9C1F0558534}"
EndProject
Project("{FAE04EC0-301F-11D3-BF4B-00C04F79EFBC}") = "BuyerService.Data", "BuyerService.Data\BuyerService.Data.csproj", "{6FF24B24-4B3B-47AD-A3A3-577B71858393}"
EndProject
Project("{2150E333-8FDC-42A3-9474-1A3956D46DE8}") = "Shared", "Shared", "{C5986CC8-BE1D-41FA-8517-8880A3B09F5F}"
EndProject
Project("{FAE04EC0-301F-11D3-BF4B-00C04F79EFBC}") = "SharedKernel", "SharedKernel\SharedKernel.csproj", "{B63D5F1E-4DBB-44D8-82F1-1BC1448B7D29}"
EndProject
Project("{FAE04EC0-301F-11D3-BF4B-00C04F79EFBC}") = "CounterService", "CounterService\CounterService.csproj", "{B713218E-C754-4380-AB64-13C45B109D84}"
EndProject
Project("{FAE04EC0-301F-11D3-BF4B-00C04F79EFBC}") = "BuyerService.API.Tests", "BuyerService.API.Tests\BuyerService.API.Tests.csproj", "{B3AA2F4B-8CB5-4744-8C82-850C21CC8370}"
EndProject
Project("{FAE04EC0-301F-11D3-BF4B-00C04F79EFBC}") = "BuyerService.Application.Tests", "BuyerService.Application.Tests\BuyerService.Application.Tests.csproj", "{32351B94-E92D-4DF1-B4B4-41A5716EE155}"
EndProject
Project("{FAE04EC0-301F-11D3-BF4B-00C04F79EFBC}") = "BuyerService.Data.Tests", "BuyerService.Data.Tests\BuyerService.Data.Tests.csproj", "{3E52E2CE-7F37-48DE-8E2E-F055ECC7A9BC}"
EndProject
Global
	GlobalSection(SolutionConfigurationPlatforms) = preSolution
		Debug|Any CPU = Debug|Any CPU
		Release|Any CPU = Release|Any CPU
	EndGlobalSection
	GlobalSection(ProjectConfigurationPlatforms) = postSolution
		{302A7BC4-C2F6-46DB-9DE6-B23D392724E2}.Debug|Any CPU.ActiveCfg = Debug|Any CPU
		{302A7BC4-C2F6-46DB-9DE6-B23D392724E2}.Debug|Any CPU.Build.0 = Debug|Any CPU
		{302A7BC4-C2F6-46DB-9DE6-B23D392724E2}.Release|Any CPU.ActiveCfg = Release|Any CPU
		{302A7BC4-C2F6-46DB-9DE6-B23D392724E2}.Release|Any CPU.Build.0 = Release|Any CPU
		{6937A34E-5504-4152-9EE3-A13F98310C10}.Debug|Any CPU.ActiveCfg = Debug|Any CPU
		{6937A34E-5504-4152-9EE3-A13F98310C10}.Debug|Any CPU.Build.0 = Debug|Any CPU
		{6937A34E-5504-4152-9EE3-A13F98310C10}.Release|Any CPU.ActiveCfg = Release|Any CPU
		{6937A34E-5504-4152-9EE3-A13F98310C10}.Release|Any CPU.Build.0 = Release|Any CPU
		{834F4D6A-57FA-4E62-A62C-D6469B6068F9}.Debug|Any CPU.ActiveCfg = Debug|Any CPU
		{834F4D6A-57FA-4E62-A62C-D6469B6068F9}.Debug|Any CPU.Build.0 = Debug|Any CPU
		{834F4D6A-57FA-4E62-A62C-D6469B6068F9}.Release|Any CPU.ActiveCfg = Release|Any CPU
		{834F4D6A-57FA-4E62-A62C-D6469B6068F9}.Release|Any CPU.Build.0 = Release|Any CPU
		{462AF28F-E68C-4B44-B232-A307666D1519}.Debug|Any CPU.ActiveCfg = Debug|Any CPU
		{462AF28F-E68C-4B44-B232-A307666D1519}.Debug|Any CPU.Build.0 = Debug|Any CPU
		{462AF28F-E68C-4B44-B232-A307666D1519}.Release|Any CPU.ActiveCfg = Release|Any CPU
		{462AF28F-E68C-4B44-B232-A307666D1519}.Release|Any CPU.Build.0 = Release|Any CPU
		{F2B7D9D1-64E6-4AAA-987B-9031B70A4BF0}.Debug|Any CPU.ActiveCfg = Debug|Any CPU
		{F2B7D9D1-64E6-4AAA-987B-9031B70A4BF0}.Debug|Any CPU.Build.0 = Debug|Any CPU
		{F2B7D9D1-64E6-4AAA-987B-9031B70A4BF0}.Release|Any CPU.ActiveCfg = Release|Any CPU
		{F2B7D9D1-64E6-4AAA-987B-9031B70A4BF0}.Release|Any CPU.Build.0 = Release|Any CPU
		{03E0AF9E-CD5D-4EB3-BBEE-3A2938038B10}.Debug|Any CPU.ActiveCfg = Debug|Any CPU
		{03E0AF9E-CD5D-4EB3-BBEE-3A2938038B10}.Debug|Any CPU.Build.0 = Debug|Any CPU
		{03E0AF9E-CD5D-4EB3-BBEE-3A2938038B10}.Release|Any CPU.ActiveCfg = Release|Any CPU
		{03E0AF9E-CD5D-4EB3-BBEE-3A2938038B10}.Release|Any CPU.Build.0 = Release|Any CPU
		{04BC5372-C594-4EBA-A7E4-A98AE31AEE8C}.Debug|Any CPU.ActiveCfg = Debug|Any CPU
		{04BC5372-C594-4EBA-A7E4-A98AE31AEE8C}.Debug|Any CPU.Build.0 = Debug|Any CPU
		{04BC5372-C594-4EBA-A7E4-A98AE31AEE8C}.Release|Any CPU.ActiveCfg = Release|Any CPU
		{04BC5372-C594-4EBA-A7E4-A98AE31AEE8C}.Release|Any CPU.Build.0 = Release|Any CPU
		{D272C079-EB2B-460F-BAEE-2B45EBE9B3E8}.Debug|Any CPU.ActiveCfg = Debug|Any CPU
		{D272C079-EB2B-460F-BAEE-2B45EBE9B3E8}.Debug|Any CPU.Build.0 = Debug|Any CPU
		{D272C079-EB2B-460F-BAEE-2B45EBE9B3E8}.Release|Any CPU.ActiveCfg = Release|Any CPU
		{D272C079-EB2B-460F-BAEE-2B45EBE9B3E8}.Release|Any CPU.Build.0 = Release|Any CPU
		{B9C81D81-3AD1-43AA-AC93-BE8DF9496479}.Debug|Any CPU.ActiveCfg = Debug|Any CPU
		{B9C81D81-3AD1-43AA-AC93-BE8DF9496479}.Debug|Any CPU.Build.0 = Debug|Any CPU
		{B9C81D81-3AD1-43AA-AC93-BE8DF9496479}.Release|Any CPU.ActiveCfg = Release|Any CPU
		{B9C81D81-3AD1-43AA-AC93-BE8DF9496479}.Release|Any CPU.Build.0 = Release|Any CPU
		{57B5BAC8-EAC3-4918-905D-01B795E4C6A6}.Debug|Any CPU.ActiveCfg = Debug|Any CPU
		{57B5BAC8-EAC3-4918-905D-01B795E4C6A6}.Debug|Any CPU.Build.0 = Debug|Any CPU
		{57B5BAC8-EAC3-4918-905D-01B795E4C6A6}.Release|Any CPU.ActiveCfg = Release|Any CPU
		{57B5BAC8-EAC3-4918-905D-01B795E4C6A6}.Release|Any CPU.Build.0 = Release|Any CPU
		{07672EFE-4D46-4E32-9F68-A9C1F0558534}.Debug|Any CPU.ActiveCfg = Debug|Any CPU
		{07672EFE-4D46-4E32-9F68-A9C1F0558534}.Debug|Any CPU.Build.0 = Debug|Any CPU
		{07672EFE-4D46-4E32-9F68-A9C1F0558534}.Release|Any CPU.ActiveCfg = Release|Any CPU
		{07672EFE-4D46-4E32-9F68-A9C1F0558534}.Release|Any CPU.Build.0 = Release|Any CPU
		{6FF24B24-4B3B-47AD-A3A3-577B71858393}.Debug|Any CPU.ActiveCfg = Debug|Any CPU
		{6FF24B24-4B3B-47AD-A3A3-577B71858393}.Debug|Any CPU.Build.0 = Debug|Any CPU
		{6FF24B24-4B3B-47AD-A3A3-577B71858393}.Release|Any CPU.ActiveCfg = Release|Any CPU
		{6FF24B24-4B3B-47AD-A3A3-577B71858393}.Release|Any CPU.Build.0 = Release|Any CPU
		{B63D5F1E-4DBB-44D8-82F1-1BC1448B7D29}.Debug|Any CPU.ActiveCfg = Debug|Any CPU
		{B63D5F1E-4DBB-44D8-82F1-1BC1448B7D29}.Debug|Any CPU.Build.0 = Debug|Any CPU
		{B63D5F1E-4DBB-44D8-82F1-1BC1448B7D29}.Release|Any CPU.ActiveCfg = Release|Any CPU
		{B63D5F1E-4DBB-44D8-82F1-1BC1448B7D29}.Release|Any CPU.Build.0 = Release|Any CPU
		{B713218E-C754-4380-AB64-13C45B109D84}.Debug|Any CPU.ActiveCfg = Debug|Any CPU
		{B713218E-C754-4380-AB64-13C45B109D84}.Debug|Any CPU.Build.0 = Debug|Any CPU
		{B713218E-C754-4380-AB64-13C45B109D84}.Release|Any CPU.ActiveCfg = Release|Any CPU
		{B713218E-C754-4380-AB64-13C45B109D84}.Release|Any CPU.Build.0 = Release|Any CPU
		{B3AA2F4B-8CB5-4744-8C82-850C21CC8370}.Debug|Any CPU.ActiveCfg = Debug|Any CPU
		{B3AA2F4B-8CB5-4744-8C82-850C21CC8370}.Debug|Any CPU.Build.0 = Debug|Any CPU
		{B3AA2F4B-8CB5-4744-8C82-850C21CC8370}.Release|Any CPU.ActiveCfg = Release|Any CPU
		{B3AA2F4B-8CB5-4744-8C82-850C21CC8370}.Release|Any CPU.Build.0 = Release|Any CPU
		{32351B94-E92D-4DF1-B4B4-41A5716EE155}.Debug|Any CPU.ActiveCfg = Debug|Any CPU
		{32351B94-E92D-4DF1-B4B4-41A5716EE155}.Debug|Any CPU.Build.0 = Debug|Any CPU
		{32351B94-E92D-4DF1-B4B4-41A5716EE155}.Release|Any CPU.ActiveCfg = Release|Any CPU
		{32351B94-E92D-4DF1-B4B4-41A5716EE155}.Release|Any CPU.Build.0 = Release|Any CPU
		{3E52E2CE-7F37-48DE-8E2E-F055ECC7A9BC}.Debug|Any CPU.ActiveCfg = Debug|Any CPU
		{3E52E2CE-7F37-48DE-8E2E-F055ECC7A9BC}.Debug|Any CPU.Build.0 = Debug|Any CPU
		{3E52E2CE-7F37-48DE-8E2E-F055ECC7A9BC}.Release|Any CPU.ActiveCfg = Release|Any CPU
		{3E52E2CE-7F37-48DE-8E2E-F055ECC7A9BC}.Release|Any CPU.Build.0 = Release|Any CPU
	EndGlobalSection
	GlobalSection(SolutionProperties) = preSolution
		HideSolutionNode = FALSE
	EndGlobalSection
	GlobalSection(NestedProjects) = preSolution
		{302A7BC4-C2F6-46DB-9DE6-B23D392724E2} = {C98B6CC0-F752-455E-B7FF-2B2F87630A4C}
		{6937A34E-5504-4152-9EE3-A13F98310C10} = {C98B6CC0-F752-455E-B7FF-2B2F87630A4C}
		{834F4D6A-57FA-4E62-A62C-D6469B6068F9} = {C98B6CC0-F752-455E-B7FF-2B2F87630A4C}
		{462AF28F-E68C-4B44-B232-A307666D1519} = {9D867D3D-C6E6-4BEC-9443-57732A548147}
		{F2B7D9D1-64E6-4AAA-987B-9031B70A4BF0} = {9D867D3D-C6E6-4BEC-9443-57732A548147}
		{03E0AF9E-CD5D-4EB3-BBEE-3A2938038B10} = {9D867D3D-C6E6-4BEC-9443-57732A548147}
		{04BC5372-C594-4EBA-A7E4-A98AE31AEE8C} = {F879FBC0-FB9E-47D7-8BA3-319BA0722301}
		{D272C079-EB2B-460F-BAEE-2B45EBE9B3E8} = {F879FBC0-FB9E-47D7-8BA3-319BA0722301}
		{B9C81D81-3AD1-43AA-AC93-BE8DF9496479} = {F879FBC0-FB9E-47D7-8BA3-319BA0722301}
		{57B5BAC8-EAC3-4918-905D-01B795E4C6A6} = {C78EDB80-6EEC-486D-AFE5-53A22F29BBF2}
		{07672EFE-4D46-4E32-9F68-A9C1F0558534} = {C78EDB80-6EEC-486D-AFE5-53A22F29BBF2}
		{6FF24B24-4B3B-47AD-A3A3-577B71858393} = {C78EDB80-6EEC-486D-AFE5-53A22F29BBF2}
		{B63D5F1E-4DBB-44D8-82F1-1BC1448B7D29} = {C5986CC8-BE1D-41FA-8517-8880A3B09F5F}
		{B713218E-C754-4380-AB64-13C45B109D84} = {C5986CC8-BE1D-41FA-8517-8880A3B09F5F}
		{B3AA2F4B-8CB5-4744-8C82-850C21CC8370} = {CD409D36-B709-4DEB-80AB-C25F7DD38B1A}
		{32351B94-E92D-4DF1-B4B4-41A5716EE155} = {CD409D36-B709-4DEB-80AB-C25F7DD38B1A}
		{3E52E2CE-7F37-48DE-8E2E-F055ECC7A9BC} = {CD409D36-B709-4DEB-80AB-C25F7DD38B1A}
	EndGlobalSection
EndGlobal
